
Microsoft Visual Studio Solution File, Format Version 12.00
# Visual Studio 15
VisualStudioVersion = 15.0.28307.539
MinimumVisualStudioVersion = 10.0.40219.1
Project("{FAE04EC0-301F-11D3-BF4B-00C04F79EFBC}") = "ParticipantApplicationWPF", "ParticipantApplicationWPF.csproj", "{BCAF487F-B361-4819-B802-BBED13159BA8}"
EndProject
Project("{FAE04EC0-301F-11D3-BF4B-00C04F79EFBC}") = "Capgemini.ParticipantDetails.Entities", "..\Capgemini.ParticipantDetails.Entities\Capgemini.ParticipantDetails.Entities.csproj", "{7DC3426B-48FF-4728-B742-243F1FECD285}"
EndProject
Project("{FAE04EC0-301F-11D3-BF4B-00C04F79EFBC}") = "Capgemini.ParticipantDetails.Exceptions", "..\Capgemini.ParticipantDetails.Exceptions\Capgemini.ParticipantDetails.Exceptions.csproj", "{B483DD85-A15B-4905-A86E-4FA6BE035342}"
EndProject
Project("{FAE04EC0-301F-11D3-BF4B-00C04F79EFBC}") = "Capgemini.ParticipantDetails.DataAccessLayer", "..\Capgemini.ParticipantDetails.DataAccessLayer\Capgemini.ParticipantDetails.DataAccessLayer.csproj", "{D97EDC17-0452-4224-B857-14AFD2F92B17}"
EndProject
Project("{FAE04EC0-301F-11D3-BF4B-00C04F79EFBC}") = "Capgemini.ParticipantDetails.BusinessLayer", "..\Capgemini.ParticipantDetails.BusinessLayer\Capgemini.ParticipantDetails.BusinessLayer.csproj", "{296F30F6-3649-4BBD-91CF-89AFA91F0392}"
EndProject
Global
	GlobalSection(SolutionConfigurationPlatforms) = preSolution
		Debug|Any CPU = Debug|Any CPU
		Release|Any CPU = Release|Any CPU
	EndGlobalSection
	GlobalSection(ProjectConfigurationPlatforms) = postSolution
		{BCAF487F-B361-4819-B802-BBED13159BA8}.Debug|Any CPU.ActiveCfg = Debug|Any CPU
		{BCAF487F-B361-4819-B802-BBED13159BA8}.Debug|Any CPU.Build.0 = Debug|Any CPU
		{BCAF487F-B361-4819-B802-BBED13159BA8}.Release|Any CPU.ActiveCfg = Release|Any CPU
		{BCAF487F-B361-4819-B802-BBED13159BA8}.Release|Any CPU.Build.0 = Release|Any CPU
		{7DC3426B-48FF-4728-B742-243F1FECD285}.Debug|Any CPU.ActiveCfg = Debug|Any CPU
		{7DC3426B-48FF-4728-B742-243F1FECD285}.Debug|Any CPU.Build.0 = Debug|Any CPU
		{7DC3426B-48FF-4728-B742-243F1FECD285}.Release|Any CPU.ActiveCfg = Release|Any CPU
		{7DC3426B-48FF-4728-B742-243F1FECD285}.Release|Any CPU.Build.0 = Release|Any CPU
		{B483DD85-A15B-4905-A86E-4FA6BE035342}.Debug|Any CPU.ActiveCfg = Debug|Any CPU
		{B483DD85-A15B-4905-A86E-4FA6BE035342}.Debug|Any CPU.Build.0 = Debug|Any CPU
		{B483DD85-A15B-4905-A86E-4FA6BE035342}.Release|Any CPU.ActiveCfg = Release|Any CPU
		{B483DD85-A15B-4905-A86E-4FA6BE035342}.Release|Any CPU.Build.0 = Release|Any CPU
		{D97EDC17-0452-4224-B857-14AFD2F92B17}.Debug|Any CPU.ActiveCfg = Debug|Any CPU
		{D97EDC17-0452-4224-B857-14AFD2F92B17}.Debug|Any CPU.Build.0 = Debug|Any CPU
		{D97EDC17-0452-4224-B857-14AFD2F92B17}.Release|Any CPU.ActiveCfg = Release|Any CPU
		{D97EDC17-0452-4224-B857-14AFD2F92B17}.Release|Any CPU.Build.0 = Release|Any CPU
		{296F30F6-3649-4BBD-91CF-89AFA91F0392}.Debug|Any CPU.ActiveCfg = Debug|Any CPU
		{296F30F6-3649-4BBD-91CF-89AFA91F0392}.Debug|Any CPU.Build.0 = Debug|Any CPU
		{296F30F6-3649-4BBD-91CF-89AFA91F0392}.Release|Any CPU.ActiveCfg = Release|Any CPU
		{296F30F6-3649-4BBD-91CF-89AFA91F0392}.Release|Any CPU.Build.0 = Release|Any CPU
	EndGlobalSection
	GlobalSection(SolutionProperties) = preSolution
		HideSolutionNode = FALSE
	EndGlobalSection
	GlobalSection(ExtensibilityGlobals) = postSolution
		SolutionGuid = {E9C2EFBE-B891-4B51-8001-723699CAC732}
	EndGlobalSection
EndGlobal
